# This file is autogenerated, do not edit; changes may be undone by the next 'dep ensure'.


[[projects]]
  digest = "1:9f3b30d9f8e0d7040f729b82dcbc8f0dead820a133b3147ce355fc451f32d761"
  name = "github.com/BurntSushi/toml"
  packages = ["."]
  pruneopts = "UT"
  revision = "3012a1dbe2e4bd1391d42b32f0577cb7bbc7f005"
  version = "v0.3.1"

[[projects]]
  digest = "1:9be17245803efdd46d01f9540f9343e36670858b30d75389e32a4ef308aed3cf"
  name = "github.com/VirgilSecurity/virgil-passw0rd-go"
  packages = ["."]
  pruneopts = "UT"
  revision = "e050b8e844ab4d75a7927aa89afc3f80ed369557"
  version = "v1.0.2"

[[projects]]
  digest = "1:17d8cee2b007709e3684c841cbcb5f9709484365b48a8a3179dc628b40e0d1c0"
  name = "github.com/VirgilSecurity/virgil-phe-go"
  packages = [
    ".",
    "swu",
  ]
  pruneopts = "UT"
  revision = "053fac9e94bce812a3cc167d3fd6b35554b0eda3"
  version = "v1.0.3"

[[projects]]
  branch = "master"
  digest = "1:318f1c959a8a740366fce4b1e1eb2fd914036b4af58fbd0a003349b305f118ad"
  name = "github.com/golang/protobuf"
  packages = ["proto"]
  pruneopts = "UT"
  revision = "c823c79ea1570fb5ff454033735a8e68575d1d0f"

[[projects]]
  digest = "1:cf31692c14422fa27c83a05292eb5cbe0fb2775972e8f1f8446a71549bd8980b"
  name = "github.com/pkg/errors"
  packages = ["."]
  pruneopts = "UT"
  revision = "ba968bfe8b2f7e042a574c888954fccecfa385b4"
  version = "v0.8.1"

[[projects]]
  branch = "master"
  digest = "1:8e4024a39f73657fda08fc46908003698955a5f1fdeba7ceb6801070720de922"
  name = "golang.org/x/crypto"
  packages = ["hkdf"]
  pruneopts = "UT"
  revision = "b8fe1690c61389d7d2a8074a507d1d40c5d30448"

[[projects]]
  branch = "v2"
  digest = "1:63fb35267a093a9f64d800118e794513a014ba091eb2722907b9ea7446a6c2d1"
  name = "gopkg.in/urfave/cli.v2"
  packages = [
    ".",
    "altsrc",
  ]
  pruneopts = "UT"
  revision = "d3ae77c26ac8db90639677e4831a728d33c36111"

[[projects]]
  digest = "1:4d2e5a73dc1500038e504a8d78b986630e3626dc027bc030ba5c75da257cdb96"
  name = "gopkg.in/yaml.v2"
  packages = ["."]
  pruneopts = "UT"
  revision = "51d6538a90f86fe93ac480b35f37b2be17fef232"
  version = "v2.2.2"

[solve-meta]
  analyzer-name = "dep"
  analyzer-version = 1
  input-imports = [
    "github.com/VirgilSecurity/virgil-passw0rd-go",
    "github.com/VirgilSecurity/virgil-phe-go",
    "github.com/pkg/errors",
    "gopkg.in/urfave/cli.v2",
    "gopkg.in/urfave/cli.v2/altsrc",
  ]
  solver-name = "gps-cdcl"
  solver-version = 1
