# This file is autogenerated, do not edit; changes may be undone by the next 'dep ensure'.


[[projects]]
  digest = "1:9f3b30d9f8e0d7040f729b82dcbc8f0dead820a133b3147ce355fc451f32d761"
  name = "github.com/BurntSushi/toml"
  packages = ["."]
  pruneopts = "UT"
  revision = "3012a1dbe2e4bd1391d42b32f0577cb7bbc7f005"
  version = "v0.3.1"

[[projects]]
  digest = "1:17d8cee2b007709e3684c841cbcb5f9709484365b48a8a3179dc628b40e0d1c0"
  name = "github.com/VirgilSecurity/virgil-phe-go"
  packages = [
    ".",
    "swu",
  ]
  pruneopts = "UT"
  revision = "053fac9e94bce812a3cc167d3fd6b35554b0eda3"
  version = "v1.0.3"

[[projects]]
  digest = "1:b128c793c89c0ace15ed2ae4ee82e7039d49852774b6703565d538f513375ffd"
  name = "github.com/VirgilSecurity/virgil-purekit-go"
  packages = ["."]
  pruneopts = "UT"
  revision = "4c32433ebc6363519072d5912a7d544db6d9c760"
  version = "v2.0.0"

[[projects]]
  branch = "master"
  digest = "1:318f1c959a8a740366fce4b1e1eb2fd914036b4af58fbd0a003349b305f118ad"
  name = "github.com/golang/protobuf"
  packages = ["proto"]
  pruneopts = "UT"
  revision = "d3c38a4eb4970272b87a425ae00ccc4548e2f9bb"

[[projects]]
  branch = "master"
  digest = "1:0778dc7fce1b4669a8bfa7ae506ec1f595b6ab0f8989c1c0d22a8ca1144e9972"
  name = "github.com/howeyc/gopass"
  packages = ["."]
  pruneopts = "UT"
  revision = "bf9dde6d0d2c004a008c27aaee91170c786f6db8"

[[projects]]
  digest = "1:cf31692c14422fa27c83a05292eb5cbe0fb2775972e8f1f8446a71549bd8980b"
  name = "github.com/pkg/errors"
  packages = ["."]
  pruneopts = "UT"
  revision = "ba968bfe8b2f7e042a574c888954fccecfa385b4"
  version = "v0.8.1"

[[projects]]
  branch = "master"
  digest = "1:ffcf6b658fb482299b329d61ecef7e27674cb36d9cfa12c044cd4e67099cd920"
  name = "golang.org/x/crypto"
  packages = [
    "hkdf",
    "ssh/terminal",
  ]
  pruneopts = "UT"
  revision = "a1f597ede03a7bef967a422b5b3a5bd08805a01e"

[[projects]]
  branch = "master"
  digest = "1:1aa109187d52894bd8929a34a0a483ea4e57d7e32e86d81c64cea84c1978d68e"
  name = "golang.org/x/sys"
  packages = [
    "unix",
    "windows",
  ]
  pruneopts = "UT"
  revision = "6c81ef8f67ca3f42fc9cd71dfbd5f35b0c4b5771"

[[projects]]
  branch = "v2"
  digest = "1:63fb35267a093a9f64d800118e794513a014ba091eb2722907b9ea7446a6c2d1"
  name = "gopkg.in/urfave/cli.v2"
  packages = [
    ".",
    "altsrc",
  ]
  pruneopts = "UT"
  revision = "d3ae77c26ac8db90639677e4831a728d33c36111"

[[projects]]
  digest = "1:e8506be1f410667bede4fd2af604de7e4bd50912edb75fb3b6672c83881c0eac"
  name = "gopkg.in/virgil.v5"
  packages = ["errors"]
  pruneopts = "UT"
  revision = "00a20afcd55d6cf57cc55d69e12d7433734c3572"
  version = "v5.1.5"

[[projects]]
  branch = "v5"
  digest = "1:578fc7802c8a1208420f219b8612f03df8bdeb89a18691185387d35404233ecf"
  name = "gopkg.in/virgilsecurity/virgil-crypto-go.v5"
  packages = ["."]
  pruneopts = "UT"
  revision = "685c1b6f56fd10297784cb04b2d137452fbb9837"

[[projects]]
  digest = "1:4d2e5a73dc1500038e504a8d78b986630e3626dc027bc030ba5c75da257cdb96"
  name = "gopkg.in/yaml.v2"
  packages = ["."]
  pruneopts = "UT"
  revision = "51d6538a90f86fe93ac480b35f37b2be17fef232"
  version = "v2.2.2"

[solve-meta]
  analyzer-name = "dep"
  analyzer-version = 1
  input-imports = [
    "github.com/VirgilSecurity/virgil-phe-go",
    "github.com/VirgilSecurity/virgil-purekit-go",
    "github.com/howeyc/gopass",
    "github.com/pkg/errors",
    "gopkg.in/urfave/cli.v2",
    "gopkg.in/urfave/cli.v2/altsrc",
    "gopkg.in/virgilsecurity/virgil-crypto-go.v5",
  ]
  solver-name = "gps-cdcl"
  solver-version = 1
